
Microsoft Visual Studio Solution File, Format Version 12.00
# Visual Studio Version 16
VisualStudioVersion = 16.0.30611.23
MinimumVisualStudioVersion = 10.0.40219.1
Project("{FAE04EC0-301F-11D3-BF4B-00C04F79EFBC}") = "Domain", "Domain\Domain.csproj", "{F58BE353-201B-4C34-92F4-75342CFFAACC}"
EndProject
Project("{FAE04EC0-301F-11D3-BF4B-00C04F79EFBC}") = "Infrastructure", "Infrastructure\Infrastructure.csproj", "{13237143-99F1-40FD-B264-7530A020A8BF}"
EndProject
Project("{FAE04EC0-301F-11D3-BF4B-00C04F79EFBC}") = "Application", "Application\Application.csproj", "{18514903-F7F2-4AF6-A4BC-A9C19E7D8300}"
EndProject
Project("{FAE04EC0-301F-11D3-BF4B-00C04F79EFBC}") = "WebApi", "WebApi\WebApi.csproj", "{D4D7BF56-0B79-446F-8F42-4296F6D4CEE4}"
EndProject
Project("{FAE04EC0-301F-11D3-BF4B-00C04F79EFBC}") = "EmployeeTask.IntegrationTest", "EmployeeTask.IntegrationTest\EmployeeTask.IntegrationTest.csproj", "{3DB65C49-0B4C-4506-885D-ED939D295935}"
EndProject
Global
	GlobalSection(SolutionConfigurationPlatforms) = preSolution
		Debug|Any CPU = Debug|Any CPU
		Release|Any CPU = Release|Any CPU
	EndGlobalSection
	GlobalSection(ProjectConfigurationPlatforms) = postSolution
		{F58BE353-201B-4C34-92F4-75342CFFAACC}.Debug|Any CPU.ActiveCfg = Debug|Any CPU
		{F58BE353-201B-4C34-92F4-75342CFFAACC}.Debug|Any CPU.Build.0 = Debug|Any CPU
		{F58BE353-201B-4C34-92F4-75342CFFAACC}.Release|Any CPU.ActiveCfg = Release|Any CPU
		{F58BE353-201B-4C34-92F4-75342CFFAACC}.Release|Any CPU.Build.0 = Release|Any CPU
		{13237143-99F1-40FD-B264-7530A020A8BF}.Debug|Any CPU.ActiveCfg = Debug|Any CPU
		{13237143-99F1-40FD-B264-7530A020A8BF}.Debug|Any CPU.Build.0 = Debug|Any CPU
		{13237143-99F1-40FD-B264-7530A020A8BF}.Release|Any CPU.ActiveCfg = Release|Any CPU
		{13237143-99F1-40FD-B264-7530A020A8BF}.Release|Any CPU.Build.0 = Release|Any CPU
		{18514903-F7F2-4AF6-A4BC-A9C19E7D8300}.Debug|Any CPU.ActiveCfg = Debug|Any CPU
		{18514903-F7F2-4AF6-A4BC-A9C19E7D8300}.Debug|Any CPU.Build.0 = Debug|Any CPU
		{18514903-F7F2-4AF6-A4BC-A9C19E7D8300}.Release|Any CPU.ActiveCfg = Release|Any CPU
		{18514903-F7F2-4AF6-A4BC-A9C19E7D8300}.Release|Any CPU.Build.0 = Release|Any CPU
		{D4D7BF56-0B79-446F-8F42-4296F6D4CEE4}.Debug|Any CPU.ActiveCfg = Debug|Any CPU
		{D4D7BF56-0B79-446F-8F42-4296F6D4CEE4}.Debug|Any CPU.Build.0 = Debug|Any CPU
		{D4D7BF56-0B79-446F-8F42-4296F6D4CEE4}.Release|Any CPU.ActiveCfg = Release|Any CPU
		{D4D7BF56-0B79-446F-8F42-4296F6D4CEE4}.Release|Any CPU.Build.0 = Release|Any CPU
		{3DB65C49-0B4C-4506-885D-ED939D295935}.Debug|Any CPU.ActiveCfg = Debug|Any CPU
		{3DB65C49-0B4C-4506-885D-ED939D295935}.Debug|Any CPU.Build.0 = Debug|Any CPU
		{3DB65C49-0B4C-4506-885D-ED939D295935}.Release|Any CPU.ActiveCfg = Release|Any CPU
		{3DB65C49-0B4C-4506-885D-ED939D295935}.Release|Any CPU.Build.0 = Release|Any CPU
	EndGlobalSection
	GlobalSection(SolutionProperties) = preSolution
		HideSolutionNode = FALSE
	EndGlobalSection
	GlobalSection(ExtensibilityGlobals) = postSolution
		SolutionGuid = {03E1F9A8-9F45-4DB2-873F-12F4E701EC68}
	EndGlobalSection
EndGlobal
